
Microsoft Visual Studio Solution File, Format Version 12.00
Project("{FAE04EC0-301F-11D3-BF4B-00C04F79EFBC}") = "ADOFAI-GG", "ADOFAI-GG\ADOFAI-GG.csproj", "{B1A11875-2C32-494C-BE54-B54DDB7CC62E}"
EndProject
Global
	GlobalSection(SolutionConfigurationPlatforms) = preSolution
		Debug|Any CPU = Debug|Any CPU
		Release|Any CPU = Release|Any CPU
	EndGlobalSection
	GlobalSection(ProjectConfigurationPlatforms) = postSolution
		{B1A11875-2C32-494C-BE54-B54DDB7CC62E}.Debug|Any CPU.ActiveCfg = Debug|Any CPU
		{B1A11875-2C32-494C-BE54-B54DDB7CC62E}.Debug|Any CPU.Build.0 = Debug|Any CPU
		{B1A11875-2C32-494C-BE54-B54DDB7CC62E}.Release|Any CPU.ActiveCfg = Release|Any CPU
		{B1A11875-2C32-494C-BE54-B54DDB7CC62E}.Release|Any CPU.Build.0 = Release|Any CPU
	EndGlobalSection
EndGlobal
